# THIS IS AN AUTOGENERATED FILE. DO NOT EDIT THIS FILE DIRECTLY.
# yarn lockfile v1


"@emnapi/core@1.10.0":
  version "1.10.0"
  resolved "https://registry.yarnpkg.com/@emnapi/core/-/core-1.10.0.tgz#380ccc8f2412ea22d1d972df7f8ee23a3b9c7467"
  integrity sha512-yq6OkJ4p82CAfPl0u9mQebQHKPJkY7WrIuk205cTYnYe+k2Z8YBh11FrbRG/H6ihirqcacOgl2BIO8oyMQLeXw==
  dependencies:
    "@emnapi/wasi-threads" "1.2.1"
    tslib "^2.4.0"

"@emnapi/runtime@1.10.0":
  version "1.10.0"
  resolved "https://registry.yarnpkg.com/@emnapi/runtime/-/runtime-1.10.0.tgz#4b260c0d3534204e98c6110b8db1a987d26ec87c"
  integrity sha512-ewvYlk86xUoGI0zQRNq/mC+16R1QeDlKQy21Ki3oSYXNgLb45GV1P6A0M+/s6nyCuNDqe5VpaY84BzXGwVbwFA==
  dependencies:
    tslib "^2.4.0"

"@emnapi/wasi-threads@1.2.1":
  version "1.2.1"
  resolved "https://registry.yarnpkg.com/@emnapi/wasi-threads/-/wasi-threads-1.2.1.tgz#28fed21a1ba1ce797c44a070abc94d42f3ae8548"
  integrity sha512-uTII7OYF+/Mes/MrcIOYp5yOtSMLBWSIoLPpcgwipoiKbli6k322tcoFsxoIIxPDqW01SQGAgko4EzZi2BNv2w==
  dependencies:
    tslib "^2.4.0"

"@napi-rs/wasm-runtime@^1.1.4":
  version "1.1.4"
  resolved "https://registry.yarnpkg.com/@napi-rs/wasm-runtime/-/wasm-runtime-1.1.4.tgz#a46bbfedc29751b7170c5d23bc1d8ee8c7e3c1e1"
  integrity sha512-3NQNNgA1YSlJb/kMH1ildASP9HW7/7kYnRI2szWJaofaS1hWmbGI4H+d3+22aGzXXN9IJ+n+GiFVcGipJP18ow==
  dependencies:
    "@tybys/wasm-util" "^0.10.1"

"@oxc-project/types@=0.130.0":
  version "0.130.0"
  resolved "https://registry.yarnpkg.com/@oxc-project/types/-/types-0.130.0.tgz#a7825148711dc28805c46cfc21d94b63a4d41e88"
  integrity sha512-ibD2usx9JRu7f5pu2tMKMI4cpA4NgXJQoYRP4pQ7Pxmn1l6k/53qWtQWZayhYy3X4QZkt90Ot+mJEaeXouio6Q==

"@phpsoftbox/react-softbox@file:..":
  version "1.10.0"
  dependencies:
    axios "1.15.2"
    shiki "^3.14.0"

"@rolldown/binding-android-arm64@1.0.1":
  version "1.0.1"
  resolved "https://registry.yarnpkg.com/@rolldown/binding-android-arm64/-/binding-android-arm64-1.0.1.tgz#7b250c89f16d74affd581dbe38f702e8c2c644d3"
  integrity sha512-fJI3I0r3C3Oj/zdBCpaCmBRZYf07xpaq4yCfDDoSFm+beWNzbIl26puW8RraUdugoJw/95zerNOn6jasAhzSmg==

"@rolldown/binding-darwin-arm64@1.0.1":
  version "1.0.1"
  resolved "https://registry.yarnpkg.com/@rolldown/binding-darwin-arm64/-/binding-darwin-arm64-1.0.1.tgz#cd4de96687e6522062984b0503fbffbbc9220023"
  integrity sha512-cKnAhWEsV7TPcA/5EAteDp6KcJZBQ2G+BqE7zayMMi7kMvwRsbv7WT9aOnn0WNl4SKEIf43vjS31iUPu80nzXg==

"@rolldown/binding-darwin-x64@1.0.1":
  version "1.0.1"
  resolved "https://registry.yarnpkg.com/@rolldown/binding-darwin-x64/-/binding-darwin-x64-1.0.1.tgz#5b0a631e3784d5a7741dd93097dcf6dfca029960"
  integrity sha512-YKrVwQjIRBPo+5G/u03wGjbdy4q7pyzCe93DK9VJ7zkVmeg8LJ7GbgsiHWdR4xSoe4CAXRD7Bcjgbtr64bkXNg==

"@rolldown/binding-freebsd-x64@1.0.1":
  version "1.0.1"
  resolved "https://registry.yarnpkg.com/@rolldown/binding-freebsd-x64/-/binding-freebsd-x64-1.0.1.tgz#d82e561079db89f796438f56ec11bb3565ee1875"
  integrity sha512-z/oBsREo46SsFqBwYtFe0kpJeBijAT48O/WXLI4suiCLBkr03RTtTJMCzSdDd2znlh8VJizL09XVkQgk8IZonw==

"@rolldown/binding-linux-arm-gnueabihf@1.0.1":
  version "1.0.1"
  resolved "https://registry.yarnpkg.com/@rolldown/binding-linux-arm-gnueabihf/-/binding-linux-arm-gnueabihf-1.0.1.tgz#f2645afff4253c7b46b80ba14af5fd3fc18d45dc"
  integrity sha512-ik8q7GM11zxvYxFc2PeDcT6TBvhCQMaUxfph/M5l9sKuTs/Sjg3L+Byw0F7w0ZVLBZmx30P+gG0ECzzN+MFcmQ==

"@rolldown/binding-linux-arm64-gnu@1.0.1":
  version "1.0.1"
  resolved "https://registry.yarnpkg.com/@rolldown/binding-linux-arm64-gnu/-/binding-linux-arm64-gnu-1.0.1.tgz#a16b97f175e7b115c5ece77c7b648d0c868f4486"
  integrity sha512-QoSx2EkyrrdZ6kcyE8stqZ62t0Yra8Fs5ia9lOxJrh6TMQJK7gQKmscdTHf7pOXKREKrVwOtJcQG3qVSfc866A==

"@rolldown/binding-linux-arm64-musl@1.0.1":
  version "1.0.1"
  resolved "https://registry.yarnpkg.com/@rolldown/binding-linux-arm64-musl/-/binding-linux-arm64-musl-1.0.1.tgz#e695aec4ef2c8713c9d959b42a208059891276da"
  integrity sha512-uwNwFpwKeNiZawfAWBgg0VIztPTV3ihhh1vV334h9ivnNLorxnQMU6Fz8wG1Zb4Qh9LC1/MkcyT3YlDXG3Rsgg==

"@rolldown/binding-linux-ppc64-gnu@1.0.1":
  version "1.0.1"
  resolved "https://registry.yarnpkg.com/@rolldown/binding-linux-ppc64-gnu/-/binding-linux-ppc64-gnu-1.0.1.tgz#4a9edf16112cbe99cdd396c60efac39cbd1758ac"
  integrity sha512-zY1bul7OWr7DFBiJ++wofXvnr8B45ce3QsQUhKrIhXsygAh7bTkwyeM1bi1a2g5C/yC/N8TZyGDEoMfm/l9mpg==

"@rolldown/binding-linux-s390x-gnu@1.0.1":
  version "1.0.1"
  resolved "https://registry.yarnpkg.com/@rolldown/binding-linux-s390x-gnu/-/binding-linux-s390x-gnu-1.0.1.tgz#314aa3ec1ce8251501d865f98fb91e42a1e671e4"
  integrity sha512-0frlsT/f4Ft6I7SMESTKnF3cZsdicQn1dCMkF/jT9wDLE+gGoiQfv1nmT9e+s7s/fekvvy6tZM2jHvI2tkbJDQ==

"@rolldown/binding-linux-x64-gnu@1.0.1":
  version "1.0.1"
  resolved "https://registry.yarnpkg.com/@rolldown/binding-linux-x64-gnu/-/binding-linux-x64-gnu-1.0.1.tgz#7c51f13cf1141c503ee162830b4fc692d91640be"
  integrity sha512-XABVmGp9Tg0WspTVvwduTc4fpqy6JnAUrSQe6OuyqD/03nI7r0O9OWUkMIwFrjKAIqolvqoA4ZrJppgwE0Gxmw==

"@rolldown/binding-linux-x64-musl@1.0.1":
  version "1.0.1"
  resolved "https://registry.yarnpkg.com/@rolldown/binding-linux-x64-musl/-/binding-linux-x64-musl-1.0.1.tgz#b7213936bbc9310b02a34f71cefd25f9e71f329b"
  integrity sha512-bV4fzswuzVcKD90o/VM6QqKxnxlDq0g2BISDLNVmxrnhpv1DDbyPhCIjYfvzYLV+MvkKKnQt2Q6AO86SEBULUQ==

"@rolldown/binding-openharmony-arm64@1.0.1":
  version "1.0.1"
  resolved "https://registry.yarnpkg.com/@rolldown/binding-openharmony-arm64/-/binding-openharmony-arm64-1.0.1.tgz#006e88acde4f12b41a4c72292685c9dc9e6a3627"
  integrity sha512-/Mh0Zhq3OP7fVs0kcQHZP6lZEthMGTaSf8UBQYSFEZDWGXXlEC+nJ6EqenaK2t4LBXMe3A+K/G2BVXXdtOr4PQ==

"@rolldown/binding-wasm32-wasi@1.0.1":
  version "1.0.1"
  resolved "https://registry.yarnpkg.com/@rolldown/binding-wasm32-wasi/-/binding-wasm32-wasi-1.0.1.tgz#033525c84da217418232f35be19f1ddc0af4f31e"
  integrity sha512-+1xc9X45l8ufsBAm6Gjvx2qDRIY9lTVt0cgWNcJ+1gdhXvkbxePA60yRTwSTuXL09CMhyJmjpV7E3NoyxbqFQQ==
  dependencies:
    "@emnapi/core" "1.10.0"
    "@emnapi/runtime" "1.10.0"
    "@napi-rs/wasm-runtime" "^1.1.4"

"@rolldown/binding-win32-arm64-msvc@1.0.1":
  version "1.0.1"
  resolved "https://registry.yarnpkg.com/@rolldown/binding-win32-arm64-msvc/-/binding-win32-arm64-msvc-1.0.1.tgz#febbf109cf1b5837e21369f0e0d2fefca1519c39"
  integrity sha512-1D+UqZdfnuR+Jy1GgMJwi85bD40H21uNmOPRWQhw4oRSuolZ/B5rixZ45DK2KXOTCvmVCecauWgEhbw8bI7tOw==

"@rolldown/binding-win32-x64-msvc@1.0.1":
  version "1.0.1"
  resolved "https://registry.yarnpkg.com/@rolldown/binding-win32-x64-msvc/-/binding-win32-x64-msvc-1.0.1.tgz#dfb32a67ccb0deaa3c9a57f6cb4890b5697dfa2c"
  integrity sha512-INAycaWuhlOK3wk4mRHGsdgwYWmd9cChdPdE9bwWmy6rn9VqVNYNFGhOdXrofXUxwHIncSiPNb8tNm8knDVIeQ==

"@rolldown/pluginutils@^1.0.0":
  version "1.0.1"
  resolved "https://registry.yarnpkg.com/@rolldown/pluginutils/-/pluginutils-1.0.1.tgz#e3fcee093fbb5ce765e1ad088ff4de2889f6f9be"
  integrity sha512-2j9bGt5Jh8hj+vPtgzPtl72j0yRxHAyumoo6TNfAjsLB04UtpSvPbPcDcBMxz7n+9CYB0c1GxQFxYRg2jimqGw==

"@shikijs/core@3.23.0":
  version "3.23.0"
  resolved "https://registry.yarnpkg.com/@shikijs/core/-/core-3.23.0.tgz#79248ec4ad3de4fd5c12993f5c30cb071ec04812"
  integrity sha512-NSWQz0riNb67xthdm5br6lAkvpDJRTgB36fxlo37ZzM2yq0PQFFzbd8psqC2XMPgCzo1fW6cVi18+ArJ44wqgA==
  dependencies:
    "@shikijs/types" "3.23.0"
    "@shikijs/vscode-textmate" "^10.0.2"
    "@types/hast" "^3.0.4"
    hast-util-to-html "^9.0.5"

"@shikijs/engine-javascript@3.23.0":
  version "3.23.0"
  resolved "https://registry.yarnpkg.com/@shikijs/engine-javascript/-/engine-javascript-3.23.0.tgz#eae89a47913f486e5a05130d13b965c424c33b21"
  integrity sha512-aHt9eiGFobmWR5uqJUViySI1bHMqrAgamWE1TYSUoftkAeCCAiGawPMwM+VCadylQtF4V3VNOZ5LmfItH5f3yA==
  dependencies:
    "@shikijs/types" "3.23.0"
    "@shikijs/vscode-textmate" "^10.0.2"
    oniguruma-to-es "^4.3.4"

"@shikijs/engine-oniguruma@3.23.0":
  version "3.23.0"
  resolved "https://registry.yarnpkg.com/@shikijs/engine-oniguruma/-/engine-oniguruma-3.23.0.tgz#789421048d66ac1b33613169d6d18b9cc6e340ed"
  integrity sha512-1nWINwKXxKKLqPibT5f4pAFLej9oZzQTsby8942OTlsJzOBZ0MWKiwzMsd+jhzu8YPCHAswGnnN1YtQfirL35g==
  dependencies:
    "@shikijs/types" "3.23.0"
    "@shikijs/vscode-textmate" "^10.0.2"

"@shikijs/langs@3.23.0":
  version "3.23.0"
  resolved "https://registry.yarnpkg.com/@shikijs/langs/-/langs-3.23.0.tgz#00959d8b16c7f671221ae79b3ad8cde7e6a5c112"
  integrity sha512-2Ep4W3Re5aB1/62RSYQInK9mM3HsLeB91cHqznAJMuylqjzNVAVCMnNWRHFtcNHXsoNRayP9z1qj4Sq3nMqYXg==
  dependencies:
    "@shikijs/types" "3.23.0"

"@shikijs/themes@3.23.0":
  version "3.23.0"
  resolved "https://registry.yarnpkg.com/@shikijs/themes/-/themes-3.23.0.tgz#fd96ca5ad52639057995bc2093682884e1846f27"
  integrity sha512-5qySYa1ZgAT18HR/ypENL9cUSGOeI2x+4IvYJu4JgVJdizn6kG4ia5Q1jDEOi7gTbN4RbuYtmHh0W3eccOrjMA==
  dependencies:
    "@shikijs/types" "3.23.0"

"@shikijs/types@3.23.0":
  version "3.23.0"
  resolved "https://registry.yarnpkg.com/@shikijs/types/-/types-3.23.0.tgz#d441571a058641926018ae3de99866f39e5bbdf2"
  integrity sha512-3JZ5HXOZfYjsYSk0yPwBrkupyYSLpAE26Qc0HLghhZNGTZg/SKxXIIgoxOpmmeQP0RRSDJTk1/vPfw9tbw+jSQ==
  dependencies:
    "@shikijs/vscode-textmate" "^10.0.2"
    "@types/hast" "^3.0.4"

"@shikijs/vscode-textmate@^10.0.2":
  version "10.0.2"
  resolved "https://registry.yarnpkg.com/@shikijs/vscode-textmate/-/vscode-textmate-10.0.2.tgz#a90ab31d0cc1dfb54c66a69e515bf624fa7b2224"
  integrity sha512-83yeghZ2xxin3Nj8z1NMd/NCuca+gsYXswywDy5bHvwlWL8tpTQmzGeUuHd9FC3E/SBEMvzJRwWEOz5gGes9Qg==

"@tybys/wasm-util@^0.10.1":
  version "0.10.2"
  resolved "https://registry.yarnpkg.com/@tybys/wasm-util/-/wasm-util-0.10.2.tgz#12b3a1b33db1f9cad4ddff1f604ab7dd00bf464e"
  integrity sha512-RoBvJ2X0wuKlWFIjrwffGw1IqZHKQqzIchKaadZZfnNpsAYp2mM0h36JtPCjNDAHGgYez/15uMBpfGwchhiMgg==
  dependencies:
    tslib "^2.4.0"

"@types/hast@^3.0.0", "@types/hast@^3.0.4":
  version "3.0.4"
  resolved "https://registry.yarnpkg.com/@types/hast/-/hast-3.0.4.tgz#1d6b39993b82cea6ad783945b0508c25903e15aa"
  integrity sha512-WPs+bbQw5aCj+x6laNGWLH3wviHtoCv/P3+otBhbOhJgG8qtpdAMlTCxLtsTWA7LH1Oh/bFCHsBn0TPS5m30EQ==
  dependencies:
    "@types/unist" "*"

"@types/mdast@^4.0.0":
  version "4.0.4"
  resolved "https://registry.yarnpkg.com/@types/mdast/-/mdast-4.0.4.tgz#7ccf72edd2f1aa7dd3437e180c64373585804dd6"
  integrity sha512-kGaNbPh1k7AFzgpud/gMdvIm5xuECykRR+JnWKQno9TAXVa6WIVCGTPvYGekIDL4uwCZQSYbUxNBSb1aUo79oA==
  dependencies:
    "@types/unist" "*"

"@types/node@^25.2.3":
  version "25.8.0"
  resolved "https://registry.yarnpkg.com/@types/node/-/node-25.8.0.tgz#d13033397d1c186876bed4c9b9d7f3f962097eb3"
  integrity sha512-TCFSk8IZh+iLX1xtksoBVtdmgL+1IX0fC9BeU4QqFSuNdN/K+HUlhqOzEmSYYpZUVsLYcPqc9KX+60iDuninSQ==
  dependencies:
    undici-types ">=7.24.0 <7.24.7"

"@types/react-dom@^19.2.0":
  version "19.2.3"
  resolved "https://registry.yarnpkg.com/@types/react-dom/-/react-dom-19.2.3.tgz#c1e305d15a52a3e508d54dca770d202cb63abf2c"
  integrity sha512-jp2L/eY6fn+KgVVQAOqYItbF0VY/YApe5Mz2F0aykSO8gx31bYCZyvSeYxCHKvzHG5eZjc+zyaS5BrBWya2+kQ==

"@types/react@^19.2.0":
  version "19.2.14"
  resolved "https://registry.yarnpkg.com/@types/react/-/react-19.2.14.tgz#39604929b5e3957e3a6fa0001dafb17c7af70bad"
  integrity sha512-ilcTH/UniCkMdtexkoCN0bI7pMcJDvmQFPvuPvmEaYA/NSfFTAgdUSLAoVjaRJm7+6PvcM+q1zYOwS4wTYMF9w==
  dependencies:
    csstype "^3.2.2"

"@types/unist@*", "@types/unist@^3.0.0":
  version "3.0.3"
  resolved "https://registry.yarnpkg.com/@types/unist/-/unist-3.0.3.tgz#acaab0f919ce69cce629c2d4ed2eb4adc1b6c20c"
  integrity sha512-ko/gIFJRv177XgZsZcBwnqJN5x/Gien8qNOn0D5bQU/zAzVf9Zt3BlcUiLqhV9y4ARk0GbT3tnUiPNgnTXzc/Q==

"@ungap/structured-clone@^1.0.0":
  version "1.3.1"
  resolved "https://registry.yarnpkg.com/@ungap/structured-clone/-/structured-clone-1.3.1.tgz#0e8f34854df7966b09304a18e808b23997bb9fc1"
  integrity sha512-mUFwbeTqrVgDQxFveS+df2yfap6iuP20NAKAsBt5jDEoOTDew+zwLAOilHCeQJOVSvmgCX4ogqIrA0mnyr08yQ==

"@vitejs/plugin-react@^6.0.1":
  version "6.0.2"
  resolved "https://registry.yarnpkg.com/@vitejs/plugin-react/-/plugin-react-6.0.2.tgz#f70cb8ed0ce225dbc3055d78070f820d8aa35eda"
  integrity sha512-DlSMqo4WhThw4vB8Mpn0Woe9J+Jfq1geJ61AKW0QEgLzGMNwtIMdxbDUzLxcun8W7NbJO0e2Jg/Nxm3cCSVzzg==
  dependencies:
    "@rolldown/pluginutils" "^1.0.0"

asynckit@^0.4.0:
  version "0.4.0"
  resolved "https://registry.yarnpkg.com/asynckit/-/asynckit-0.4.0.tgz#c79ed97f7f34cb8f2ba1bc9790bcc366474b4b79"
  integrity sha512-Oei9OH4tRh0YqU3GxhX79dM/mwVgvbZJaSNaRk+bshkj0S5cfHcgYakreBjrHwatXKbz+IoIdYLxrKim2MjW0Q==

axios@1.15.2:
  version "1.15.2"
  resolved "https://registry.yarnpkg.com/axios/-/axios-1.15.2.tgz#eb8fb6d30349abace6ade5b4cb4d9e8a0dc23e5b"
  integrity sha512-wLrXxPtcrPTsNlJmKjkPnNPK2Ihe0hn0wGSaTEiHRPxwjvJwT3hKmXF4dpqxmPO9SoNb2FsYXj/xEo0gHN+D5A==
  dependencies:
    follow-redirects "^1.15.11"
    form-data "^4.0.5"
    proxy-from-env "^2.1.0"

call-bind-apply-helpers@^1.0.1, call-bind-apply-helpers@^1.0.2:
  version "1.0.2"
  resolved "https://registry.yarnpkg.com/call-bind-apply-helpers/-/call-bind-apply-helpers-1.0.2.tgz#4b5428c222be985d79c3d82657479dbe0b59b2d6"
  integrity sha512-Sp1ablJ0ivDkSzjcaJdxEunN5/XvksFJ2sMBFfq6x0ryhQV/2b/KwFe21cMpmHtPOSij8K99/wSfoEuTObmuMQ==
  dependencies:
    es-errors "^1.3.0"
    function-bind "^1.1.2"

ccount@^2.0.0:
  version "2.0.1"
  resolved "https://registry.yarnpkg.com/ccount/-/ccount-2.0.1.tgz#17a3bf82302e0870d6da43a01311a8bc02a3ecf5"
  integrity sha512-eyrF0jiFpY+3drT6383f1qhkbGsLSifNAjA61IUjZjmLCWjItY6LB9ft9YhoDgwfmclB2zhu51Lc7+95b8NRAg==

character-entities-html4@^2.0.0:
  version "2.1.0"
  resolved "https://registry.yarnpkg.com/character-entities-html4/-/character-entities-html4-2.1.0.tgz#1f1adb940c971a4b22ba39ddca6b618dc6e56b2b"
  integrity sha512-1v7fgQRj6hnSwFpq1Eu0ynr/CDEw0rXo2B61qXrLNdHZmPKgb7fqS1a2JwF0rISo9q77jDI8VMEHoApn8qDoZA==

character-entities-legacy@^3.0.0:
  version "3.0.0"
  resolved "https://registry.yarnpkg.com/character-entities-legacy/-/character-entities-legacy-3.0.0.tgz#76bc83a90738901d7bc223a9e93759fdd560125b"
  integrity sha512-RpPp0asT/6ufRm//AJVwpViZbGM/MkjQFxJccQRHmISF/22NBtsHqAWmL+/pmkPWoIUJdWyeVleTl1wydHATVQ==

combined-stream@^1.0.8:
  version "1.0.8"
  resolved "https://registry.yarnpkg.com/combined-stream/-/combined-stream-1.0.8.tgz#c3d45a8b34fd730631a110a8a2520682b31d5a7f"
  integrity sha512-FQN4MRfuJeHf7cBbBMJFXhKSDq+2kAArBlmRBvcvFE5BB1HZKXtSFASDhdlz9zOYwxh8lDdnvmMOe/+5cdoEdg==
  dependencies:
    delayed-stream "~1.0.0"

comma-separated-tokens@^2.0.0:
  version "2.0.3"
  resolved "https://registry.yarnpkg.com/comma-separated-tokens/-/comma-separated-tokens-2.0.3.tgz#4e89c9458acb61bc8fef19f4529973b2392839ee"
  integrity sha512-Fu4hJdvzeylCfQPp9SGWidpzrMs7tTrlu6Vb8XGaRGck8QSNZJJp538Wrb60Lax4fPwR64ViY468OIUTbRlGZg==

csstype@^3.2.2:
  version "3.2.3"
  resolved "https://registry.yarnpkg.com/csstype/-/csstype-3.2.3.tgz#ec48c0f3e993e50648c86da559e2610995cf989a"
  integrity sha512-z1HGKcYy2xA8AGQfwrn0PAy+PB7X/GSj3UVJW9qKyn43xWa+gl5nXmU4qqLMRzWVLFC8KusUX8T/0kCiOYpAIQ==

delayed-stream@~1.0.0:
  version "1.0.0"
  resolved "https://registry.yarnpkg.com/delayed-stream/-/delayed-stream-1.0.0.tgz#df3ae199acadfb7d440aaae0b29e2272b24ec619"
  integrity sha512-ZySD7Nf91aLB0RxL4KGrKHBXl7Eds1DAmEdcoVawXnLD7SDhpNgtuII2aAkg7a7QS41jxPSZ17p4VdGnMHk3MQ==

dequal@^2.0.0:
  version "2.0.3"
  resolved "https://registry.yarnpkg.com/dequal/-/dequal-2.0.3.tgz#2644214f1997d39ed0ee0ece72335490a7ac67be"
  integrity sha512-0je+qPKHEMohvfRTCEo3CrPG6cAzAYgmzKyxRiYSSDkS6eGJdyVJm7WaYA5ECaAD9wLB2T4EEeymA5aFVcYXCA==

detect-libc@^2.0.3:
  version "2.1.2"
  resolved "https://registry.yarnpkg.com/detect-libc/-/detect-libc-2.1.2.tgz#689c5dcdc1900ef5583a4cb9f6d7b473742074ad"
  integrity sha512-Btj2BOOO83o3WyH59e8MgXsxEQVcarkUOpEYrubB0urwnN10yQ364rsiByU11nZlqWYZm05i/of7io4mzihBtQ==

devlop@^1.0.0:
  version "1.1.0"
  resolved "https://registry.yarnpkg.com/devlop/-/devlop-1.1.0.tgz#4db7c2ca4dc6e0e834c30be70c94bbc976dc7018"
  integrity sha512-RWmIqhcFf1lRYBvNmr7qTNuyCt/7/ns2jbpp1+PalgE/rDQcBT0fioSMUpJ93irlUhC5hrg4cYqe6U+0ImW0rA==
  dependencies:
    dequal "^2.0.0"

dunder-proto@^1.0.1:
  version "1.0.1"
  resolved "https://registry.yarnpkg.com/dunder-proto/-/dunder-proto-1.0.1.tgz#d7ae667e1dc83482f8b70fd0f6eefc50da30f58a"
  integrity sha512-KIN/nDJBQRcXw0MLVhZE9iQHmG68qAVIBg9CqmUYjmQIhgij9U5MFvrqkUL5FbtyyzZuOeOt0zdeRe4UY7ct+A==
  dependencies:
    call-bind-apply-helpers "^1.0.1"
    es-errors "^1.3.0"
    gopd "^1.2.0"

es-define-property@^1.0.1:
  version "1.0.1"
  resolved "https://registry.yarnpkg.com/es-define-property/-/es-define-property-1.0.1.tgz#983eb2f9a6724e9303f61addf011c72e09e0b0fa"
  integrity sha512-e3nRfgfUZ4rNGL232gUgX06QNyyez04KdjFrF+LTRoOXmrOgFKDg4BCdsjW8EnT69eqdYGmRpJwiPVYNrCaW3g==

es-errors@^1.3.0:
  version "1.3.0"
  resolved "https://registry.yarnpkg.com/es-errors/-/es-errors-1.3.0.tgz#05f75a25dab98e4fb1dcd5e1472c0546d5057c8f"
  integrity sha512-Zf5H2Kxt2xjTvbJvP2ZWLEICxA6j+hAmMzIlypy4xcBg1vKVnx89Wy0GbS+kf5cwCVFFzdCFh2XSCFNULS6csw==

es-object-atoms@^1.0.0, es-object-atoms@^1.1.1:
  version "1.1.1"
  resolved "https://registry.yarnpkg.com/es-object-atoms/-/es-object-atoms-1.1.1.tgz#1c4f2c4837327597ce69d2ca190a7fdd172338c1"
  integrity sha512-FGgH2h8zKNim9ljj7dankFPcICIK9Cp5bm+c2gQSYePhpaG5+esrLODihIorn+Pe6FGJzWhXQotPv73jTaldXA==
  dependencies:
    es-errors "^1.3.0"

es-set-tostringtag@^2.1.0:
  version "2.1.0"
  resolved "https://registry.yarnpkg.com/es-set-tostringtag/-/es-set-tostringtag-2.1.0.tgz#f31dbbe0c183b00a6d26eb6325c810c0fd18bd4d"
  integrity sha512-j6vWzfrGVfyXxge+O0x5sh6cvxAog0a/4Rdd2K36zCMV5eJ+/+tOAngRO8cODMNWbVRdVlmGZQL2YS3yR8bIUA==
  dependencies:
    es-errors "^1.3.0"
    get-intrinsic "^1.2.6"
    has-tostringtag "^1.0.2"
    hasown "^2.0.2"

fdir@^6.5.0:
  version "6.5.0"
  resolved "https://registry.yarnpkg.com/fdir/-/fdir-6.5.0.tgz#ed2ab967a331ade62f18d077dae192684d50d350"
  integrity sha512-tIbYtZbucOs0BRGqPJkshJUYdL+SDH7dVM8gjy+ERp3WAUjLEFJE+02kanyHtwjWOnwrKYBiwAmM0p4kLJAnXg==

follow-redirects@^1.15.11:
  version "1.16.0"
  resolved "https://registry.yarnpkg.com/follow-redirects/-/follow-redirects-1.16.0.tgz#28474a159d3b9d11ef62050a14ed60e4df6d61bc"
  integrity sha512-y5rN/uOsadFT/JfYwhxRS5R7Qce+g3zG97+JrtFZlC9klX/W5hD7iiLzScI4nZqUS7DNUdhPgw4xI8W2LuXlUw==

form-data@^4.0.5:
  version "4.0.5"
  resolved "https://registry.yarnpkg.com/form-data/-/form-data-4.0.5.tgz#b49e48858045ff4cbf6b03e1805cebcad3679053"
  integrity sha512-8RipRLol37bNs2bhoV67fiTEvdTrbMUYcFTiy3+wuuOnUog2QBHCZWXDRijWQfAkhBj2Uf5UnVaiWwA5vdd82w==
  dependencies:
    asynckit "^0.4.0"
    combined-stream "^1.0.8"
    es-set-tostringtag "^2.1.0"
    hasown "^2.0.2"
    mime-types "^2.1.12"

fsevents@~2.3.3:
  version "2.3.3"
  resolved "https://registry.yarnpkg.com/fsevents/-/fsevents-2.3.3.tgz#cac6407785d03675a2a5e1a5305c697b347d90d6"
  integrity sha512-5xoDfX+fL7faATnagmWPpbFtwh/R77WmMMqqHGS65C3vvB0YHrgF+B1YmZ3441tMj5n63k0212XNoJwzlhffQw==

function-bind@^1.1.2:
  version "1.1.2"
  resolved "https://registry.yarnpkg.com/function-bind/-/function-bind-1.1.2.tgz#2c02d864d97f3ea6c8830c464cbd11ab6eab7a1c"
  integrity sha512-7XHNxH7qX9xG5mIwxkhumTox/MIRNcOgDrxWsMt2pAr23WHp6MrRlN7FBSFpCpr+oVO0F744iUgR82nJMfG2SA==

get-intrinsic@^1.2.6:
  version "1.3.0"
  resolved "https://registry.yarnpkg.com/get-intrinsic/-/get-intrinsic-1.3.0.tgz#743f0e3b6964a93a5491ed1bffaae054d7f98d01"
  integrity sha512-9fSjSaos/fRIVIp+xSJlE6lfwhES7LNtKaCBIamHsjr2na1BiABJPo0mOjjz8GJDURarmCPGqaiVg5mfjb98CQ==
  dependencies:
    call-bind-apply-helpers "^1.0.2"
    es-define-property "^1.0.1"
    es-errors "^1.3.0"
    es-object-atoms "^1.1.1"
    function-bind "^1.1.2"
    get-proto "^1.0.1"
    gopd "^1.2.0"
    has-symbols "^1.1.0"
    hasown "^2.0.2"
    math-intrinsics "^1.1.0"

get-proto@^1.0.1:
  version "1.0.1"
  resolved "https://registry.yarnpkg.com/get-proto/-/get-proto-1.0.1.tgz#150b3f2743869ef3e851ec0c49d15b1d14d00ee1"
  integrity sha512-sTSfBjoXBp89JvIKIefqw7U2CCebsc74kiY6awiGogKtoSGbgjYE/G/+l9sF3MWFPNc9IcoOC4ODfKHfxFmp0g==
  dependencies:
    dunder-proto "^1.0.1"
    es-object-atoms "^1.0.0"

gopd@^1.2.0:
  version "1.2.0"
  resolved "https://registry.yarnpkg.com/gopd/-/gopd-1.2.0.tgz#89f56b8217bdbc8802bd299df6d7f1081d7e51a1"
  integrity sha512-ZUKRh6/kUFoAiTAtTYPZJ3hw9wNxx+BIBOijnlG9PnrJsCcSjs1wyyD6vJpaYtgnzDrKYRSqf3OO6Rfa93xsRg==

has-symbols@^1.0.3, has-symbols@^1.1.0:
  version "1.1.0"
  resolved "https://registry.yarnpkg.com/has-symbols/-/has-symbols-1.1.0.tgz#fc9c6a783a084951d0b971fe1018de813707a338"
  integrity sha512-1cDNdwJ2Jaohmb3sg4OmKaMBwuC48sYni5HUw2DvsC8LjGTLK9h+eb1X6RyuOHe4hT0ULCW68iomhjUoKUqlPQ==

has-tostringtag@^1.0.2:
  version "1.0.2"
  resolved "https://registry.yarnpkg.com/has-tostringtag/-/has-tostringtag-1.0.2.tgz#2cdc42d40bef2e5b4eeab7c01a73c54ce7ab5abc"
  integrity sha512-NqADB8VjPFLM2V0VvHUewwwsw0ZWBaIdgo+ieHtK3hasLz4qeCRjYcqfB6AQrBggRKppKF8L52/VqdVsO47Dlw==
  dependencies:
    has-symbols "^1.0.3"

hasown@^2.0.2:
  version "2.0.3"
  resolved "https://registry.yarnpkg.com/hasown/-/hasown-2.0.3.tgz#5e5c2b15b60370a4c7930c383dfb76bf17bc403c"
  integrity sha512-ej4AhfhfL2Q2zpMmLo7U1Uv9+PyhIZpgQLGT1F9miIGmiCJIoCgSmczFdrc97mWT4kVY72KA+WnnhJ5pghSvSg==
  dependencies:
    function-bind "^1.1.2"

hast-util-to-html@^9.0.5:
  version "9.0.5"
  resolved "https://registry.yarnpkg.com/hast-util-to-html/-/hast-util-to-html-9.0.5.tgz#ccc673a55bb8e85775b08ac28380f72d47167005"
  integrity sha512-OguPdidb+fbHQSU4Q4ZiLKnzWo8Wwsf5bZfbvu7//a9oTYoqD/fWpe96NuHkoS9h0ccGOTe0C4NGXdtS0iObOw==
  dependencies:
    "@types/hast" "^3.0.0"
    "@types/unist" "^3.0.0"
    ccount "^2.0.0"
    comma-separated-tokens "^2.0.0"
    hast-util-whitespace "^3.0.0"
    html-void-elements "^3.0.0"
    mdast-util-to-hast "^13.0.0"
    property-information "^7.0.0"
    space-separated-tokens "^2.0.0"
    stringify-entities "^4.0.0"
    zwitch "^2.0.4"

hast-util-whitespace@^3.0.0:
  version "3.0.0"
  resolved "https://registry.yarnpkg.com/hast-util-whitespace/-/hast-util-whitespace-3.0.0.tgz#7778ed9d3c92dd9e8c5c8f648a49c21fc51cb621"
  integrity sha512-88JUN06ipLwsnv+dVn+OIYOvAuvBMy/Qoi6O7mQHxdPXpjy+Cd6xRkWwux7DKO+4sYILtLBRIKgsdpS2gQc7qw==
  dependencies:
    "@types/hast" "^3.0.0"

html-void-elements@^3.0.0:
  version "3.0.0"
  resolved "https://registry.yarnpkg.com/html-void-elements/-/html-void-elements-3.0.0.tgz#fc9dbd84af9e747249034d4d62602def6517f1d7"
  integrity sha512-bEqo66MRXsUGxWHV5IP0PUiAWwoEjba4VCzg0LjFJBpchPaTfyfCKTG6bc5F8ucKec3q5y6qOdGyYTSBEvhCrg==

lightningcss-android-arm64@1.32.0:
  version "1.32.0"
  resolved "https://registry.yarnpkg.com/lightningcss-android-arm64/-/lightningcss-android-arm64-1.32.0.tgz#f033885116dfefd9c6f54787523e3514b61e1968"
  integrity sha512-YK7/ClTt4kAK0vo6w3X+Pnm0D2cf2vPHbhOXdoNti1Ga0al1P4TBZhwjATvjNwLEBCnKvjJc2jQgHXH0NEwlAg==

lightningcss-darwin-arm64@1.32.0:
  version "1.32.0"
  resolved "https://registry.yarnpkg.com/lightningcss-darwin-arm64/-/lightningcss-darwin-arm64-1.32.0.tgz#50b71871b01c8199584b649e292547faea7af9b5"
  integrity sha512-RzeG9Ju5bag2Bv1/lwlVJvBE3q6TtXskdZLLCyfg5pt+HLz9BqlICO7LZM7VHNTTn/5PRhHFBSjk5lc4cmscPQ==

lightningcss-darwin-x64@1.32.0:
  version "1.32.0"
  resolved "https://registry.yarnpkg.com/lightningcss-darwin-x64/-/lightningcss-darwin-x64-1.32.0.tgz#35f3e97332d130b9ca181e11b568ded6aebc6d5e"
  integrity sha512-U+QsBp2m/s2wqpUYT/6wnlagdZbtZdndSmut/NJqlCcMLTWp5muCrID+K5UJ6jqD2BFshejCYXniPDbNh73V8w==

lightningcss-freebsd-x64@1.32.0:
  version "1.32.0"
  resolved "https://registry.yarnpkg.com/lightningcss-freebsd-x64/-/lightningcss-freebsd-x64-1.32.0.tgz#9777a76472b64ed6ff94342ad64c7bafd794a575"
  integrity sha512-JCTigedEksZk3tHTTthnMdVfGf61Fky8Ji2E4YjUTEQX14xiy/lTzXnu1vwiZe3bYe0q+SpsSH/CTeDXK6WHig==

lightningcss-linux-arm-gnueabihf@1.32.0:
  version "1.32.0"
  resolved "https://registry.yarnpkg.com/lightningcss-linux-arm-gnueabihf/-/lightningcss-linux-arm-gnueabihf-1.32.0.tgz#13ae652e1ab73b9135d7b7da172f666c410ad53d"
  integrity sha512-x6rnnpRa2GL0zQOkt6rts3YDPzduLpWvwAF6EMhXFVZXD4tPrBkEFqzGowzCsIWsPjqSK+tyNEODUBXeeVHSkw==

lightningcss-linux-arm64-gnu@1.32.0:
  version "1.32.0"
  resolved "https://registry.yarnpkg.com/lightningcss-linux-arm64-gnu/-/lightningcss-linux-arm64-gnu-1.32.0.tgz#417858795a94592f680123a1b1f9da8a0e1ef335"
  integrity sha512-0nnMyoyOLRJXfbMOilaSRcLH3Jw5z9HDNGfT/gwCPgaDjnx0i8w7vBzFLFR1f6CMLKF8gVbebmkUN3fa/kQJpQ==

lightningcss-linux-arm64-musl@1.32.0:
  version "1.32.0"
  resolved "https://registry.yarnpkg.com/lightningcss-linux-arm64-musl/-/lightningcss-linux-arm64-musl-1.32.0.tgz#6be36692e810b718040802fd809623cffe732133"
  integrity sha512-UpQkoenr4UJEzgVIYpI80lDFvRmPVg6oqboNHfoH4CQIfNA+HOrZ7Mo7KZP02dC6LjghPQJeBsvXhJod/wnIBg==

lightningcss-linux-x64-gnu@1.32.0:
  version "1.32.0"
  resolved "https://registry.yarnpkg.com/lightningcss-linux-x64-gnu/-/lightningcss-linux-x64-gnu-1.32.0.tgz#0b7803af4eb21cfd38dd39fe2abbb53c7dd091f6"
  integrity sha512-V7Qr52IhZmdKPVr+Vtw8o+WLsQJYCTd8loIfpDaMRWGUZfBOYEJeyJIkqGIDMZPwPx24pUMfwSxxI8phr/MbOA==

lightningcss-linux-x64-musl@1.32.0:
  version "1.32.0"
  resolved "https://registry.yarnpkg.com/lightningcss-linux-x64-musl/-/lightningcss-linux-x64-musl-1.32.0.tgz#88dc8ba865ddddb1ac5ef04b0f161804418c163b"
  integrity sha512-bYcLp+Vb0awsiXg/80uCRezCYHNg1/l3mt0gzHnWV9XP1W5sKa5/TCdGWaR/zBM2PeF/HbsQv/j2URNOiVuxWg==

lightningcss-win32-arm64-msvc@1.32.0:
  version "1.32.0"
  resolved "https://registry.yarnpkg.com/lightningcss-win32-arm64-msvc/-/lightningcss-win32-arm64-msvc-1.32.0.tgz#4f30ba3fa5e925f5b79f945e8cc0d176c3b1ab38"
  integrity sha512-8SbC8BR40pS6baCM8sbtYDSwEVQd4JlFTOlaD3gWGHfThTcABnNDBda6eTZeqbofalIJhFx0qKzgHJmcPTnGdw==

lightningcss-win32-x64-msvc@1.32.0:
  version "1.32.0"
  resolved "https://registry.yarnpkg.com/lightningcss-win32-x64-msvc/-/lightningcss-win32-x64-msvc-1.32.0.tgz#141aa5605645064928902bb4af045fa7d9f4220a"
  integrity sha512-Amq9B/SoZYdDi1kFrojnoqPLxYhQ4Wo5XiL8EVJrVsB8ARoC1PWW6VGtT0WKCemjy8aC+louJnjS7U18x3b06Q==

lightningcss@^1.32.0:
  version "1.32.0"
  resolved "https://registry.yarnpkg.com/lightningcss/-/lightningcss-1.32.0.tgz#b85aae96486dcb1bf49a7c8571221273f4f1e4a9"
  integrity sha512-NXYBzinNrblfraPGyrbPoD19C1h9lfI/1mzgWYvXUTe414Gz/X1FD2XBZSZM7rRTrMA8JL3OtAaGifrIKhQ5yQ==
  dependencies:
    detect-libc "^2.0.3"
  optionalDependencies:
    lightningcss-android-arm64 "1.32.0"
    lightningcss-darwin-arm64 "1.32.0"
    lightningcss-darwin-x64 "1.32.0"
    lightningcss-freebsd-x64 "1.32.0"
    lightningcss-linux-arm-gnueabihf "1.32.0"
    lightningcss-linux-arm64-gnu "1.32.0"
    lightningcss-linux-arm64-musl "1.32.0"
    lightningcss-linux-x64-gnu "1.32.0"
    lightningcss-linux-x64-musl "1.32.0"
    lightningcss-win32-arm64-msvc "1.32.0"
    lightningcss-win32-x64-msvc "1.32.0"

math-intrinsics@^1.1.0:
  version "1.1.0"
  resolved "https://registry.yarnpkg.com/math-intrinsics/-/math-intrinsics-1.1.0.tgz#a0dd74be81e2aa5c2f27e65ce283605ee4e2b7f9"
  integrity sha512-/IXtbwEk5HTPyEwyKX6hGkYXxM9nbj64B+ilVJnC/R6B0pH5G4V3b0pVbL7DBj4tkhBAppbQUlf6F6Xl9LHu1g==

mdast-util-to-hast@^13.0.0:
  version "13.2.1"
  resolved "https://registry.yarnpkg.com/mdast-util-to-hast/-/mdast-util-to-hast-13.2.1.tgz#d7ff84ca499a57e2c060ae67548ad950e689a053"
  integrity sha512-cctsq2wp5vTsLIcaymblUriiTcZd0CwWtCbLvrOzYCDZoWyMNV8sZ7krj09FSnsiJi3WVsHLM4k6Dq/yaPyCXA==
  dependencies:
    "@types/hast" "^3.0.0"
    "@types/mdast" "^4.0.0"
    "@ungap/structured-clone" "^1.0.0"
    devlop "^1.0.0"
    micromark-util-sanitize-uri "^2.0.0"
    trim-lines "^3.0.0"
    unist-util-position "^5.0.0"
    unist-util-visit "^5.0.0"
    vfile "^6.0.0"

micromark-util-character@^2.0.0:
  version "2.1.1"
  resolved "https://registry.yarnpkg.com/micromark-util-character/-/micromark-util-character-2.1.1.tgz#2f987831a40d4c510ac261e89852c4e9703ccda6"
  integrity sha512-wv8tdUTJ3thSFFFJKtpYKOYiGP2+v96Hvk4Tu8KpCAsTMs6yi+nVmGh1syvSCsaxz45J6Jbw+9DD6g97+NV67Q==
  dependencies:
    micromark-util-symbol "^2.0.0"
    micromark-util-types "^2.0.0"

micromark-util-encode@^2.0.0:
  version "2.0.1"
  resolved "https://registry.yarnpkg.com/micromark-util-encode/-/micromark-util-encode-2.0.1.tgz#0d51d1c095551cfaac368326963cf55f15f540b8"
  integrity sha512-c3cVx2y4KqUnwopcO9b/SCdo2O67LwJJ/UyqGfbigahfegL9myoEFoDYZgkT7f36T0bLrM9hZTAaAyH+PCAXjw==

micromark-util-sanitize-uri@^2.0.0:
  version "2.0.1"
  resolved "https://registry.yarnpkg.com/micromark-util-sanitize-uri/-/micromark-util-sanitize-uri-2.0.1.tgz#ab89789b818a58752b73d6b55238621b7faa8fd7"
  integrity sha512-9N9IomZ/YuGGZZmQec1MbgxtlgougxTodVwDzzEouPKo3qFWvymFHWcnDi2vzV1ff6kas9ucW+o3yzJK9YB1AQ==
  dependencies:
    micromark-util-character "^2.0.0"
    micromark-util-encode "^2.0.0"
    micromark-util-symbol "^2.0.0"

micromark-util-symbol@^2.0.0:
  version "2.0.1"
  resolved "https://registry.yarnpkg.com/micromark-util-symbol/-/micromark-util-symbol-2.0.1.tgz#e5da494e8eb2b071a0d08fb34f6cefec6c0a19b8"
  integrity sha512-vs5t8Apaud9N28kgCrRUdEed4UJ+wWNvicHLPxCa9ENlYuAY31M0ETy5y1vA33YoNPDFTghEbnh6efaE8h4x0Q==

micromark-util-types@^2.0.0:
  version "2.0.2"
  resolved "https://registry.yarnpkg.com/micromark-util-types/-/micromark-util-types-2.0.2.tgz#f00225f5f5a0ebc3254f96c36b6605c4b393908e"
  integrity sha512-Yw0ECSpJoViF1qTU4DC6NwtC4aWGt1EkzaQB8KPPyCRR8z9TWeV0HbEFGTO+ZY1wB22zmxnJqhPyTpOVCpeHTA==

mime-db@1.52.0:
  version "1.52.0"
  resolved "https://registry.yarnpkg.com/mime-db/-/mime-db-1.52.0.tgz#bbabcdc02859f4987301c856e3387ce5ec43bf70"
  integrity sha512-sPU4uV7dYlvtWJxwwxHD0PuihVNiE7TyAbQ5SWxDCB9mUYvOgroQOwYQQOKPJ8CIbE+1ETVlOoK1UC2nU3gYvg==

mime-types@^2.1.12:
  version "2.1.35"
  resolved "https://registry.yarnpkg.com/mime-types/-/mime-types-2.1.35.tgz#381a871b62a734450660ae3deee44813f70d959a"
  integrity sha512-ZDY+bPm5zTTF+YpCrAU9nK0UgICYPT0QtT1NZWFv4s++TNkcgVaT0g6+4R2uI4MjQjzysHB1zxuWL50hzaeXiw==
  dependencies:
    mime-db "1.52.0"

nanoid@^3.3.11:
  version "3.3.12"
  resolved "https://registry.yarnpkg.com/nanoid/-/nanoid-3.3.12.tgz#ab3d912e217a6d0a514f00a72a16543a28982c05"
  integrity sha512-ZB9RH/39qpq5Vu6Y+NmUaFhQR6pp+M2Xt76XBnEwDaGcVAqhlvxrl3B2bKS5D3NH3QR76v3aSrKaF/Kiy7lEtQ==

oniguruma-parser@^0.12.2:
  version "0.12.2"
  resolved "https://registry.yarnpkg.com/oniguruma-parser/-/oniguruma-parser-0.12.2.tgz#e27ca446f7fcf0969662a3ab9b4f43176d62b139"
  integrity sha512-6HVa5oIrgMC6aA6WF6XyyqbhRPJrKR02L20+2+zpDtO5QAzGHAUGw5TKQvwi5vctNnRHkJYmjAhRVQF2EKdTQw==

oniguruma-to-es@^4.3.4:
  version "4.3.6"
  resolved "https://registry.yarnpkg.com/oniguruma-to-es/-/oniguruma-to-es-4.3.6.tgz#43e640280241b0d687a314e7a641d476407a1c4d"
  integrity sha512-csuQ9x3Yr0cEIs/Zgx/OEt9iBw9vqIunAPQkx19R/fiMq2oGVTgcMqO/V3Ybqefr1TBvosI6jU539ksaBULJyA==
  dependencies:
    oniguruma-parser "^0.12.2"
    regex "^6.1.0"
    regex-recursion "^6.0.2"

picocolors@^1.1.1:
  version "1.1.1"
  resolved "https://registry.yarnpkg.com/picocolors/-/picocolors-1.1.1.tgz#3d321af3eab939b083c8f929a1d12cda81c26b6b"
  integrity sha512-xceH2snhtb5M9liqDsmEw56le376mTZkEX/jEb/RxNFyegNul7eNslCXP9FDj/Lcu0X8KEyMceP2ntpaHrDEVA==

picomatch@^4.0.4:
  version "4.0.4"
  resolved "https://registry.yarnpkg.com/picomatch/-/picomatch-4.0.4.tgz#fd6f5e00a143086e074dffe4c924b8fb293b0589"
  integrity sha512-QP88BAKvMam/3NxH6vj2o21R6MjxZUAd6nlwAS/pnGvN9IVLocLHxGYIzFhg6fUQ+5th6P4dv4eW9jX3DSIj7A==

postcss@^8.5.14:
  version "8.5.14"
  resolved "https://registry.yarnpkg.com/postcss/-/postcss-8.5.14.tgz#a66c2d7808fadf69ebb5b84a03f8bafd76c4919c"
  integrity sha512-SoSL4+OSEtR99LHFZQiJLkT59C5B1amGO1NzTwj7TT1qCUgUO6hxOvzkOYxD+vMrXBM3XJIKzokoERdqQq/Zmg==
  dependencies:
    nanoid "^3.3.11"
    picocolors "^1.1.1"
    source-map-js "^1.2.1"

property-information@^7.0.0:
  version "7.1.0"
  resolved "https://registry.yarnpkg.com/property-information/-/property-information-7.1.0.tgz#b622e8646e02b580205415586b40804d3e8bfd5d"
  integrity sha512-TwEZ+X+yCJmYfL7TPUOcvBZ4QfoT5YenQiJuX//0th53DE6w0xxLEtfK3iyryQFddXuvkIk51EEgrJQ0WJkOmQ==

proxy-from-env@^2.1.0:
  version "2.1.0"
  resolved "https://registry.yarnpkg.com/proxy-from-env/-/proxy-from-env-2.1.0.tgz#a7487568adad577cfaaa7e88c49cab3ab3081aba"
  integrity sha512-cJ+oHTW1VAEa8cJslgmUZrc+sjRKgAKl3Zyse6+PV38hZe/V6Z14TbCuXcan9F9ghlz4QrFr2c92TNF82UkYHA==

react-dom@^19.2.4:
  version "19.2.6"
  resolved "https://registry.yarnpkg.com/react-dom/-/react-dom-19.2.6.tgz#44a81b0bcca22da814c00847d09d01c8615529b7"
  integrity sha512-0prMI+hvBbPjsWnxDLxlCGyM8PN6UuWjEUCYmZhO67xIV9Xasa/r/vDnq+Xyq4Lo27g8QSbO5YzARu0D1Sps3g==
  dependencies:
    scheduler "^0.27.0"

react@^19.2.4:
  version "19.2.6"
  resolved "https://registry.yarnpkg.com/react/-/react-19.2.6.tgz#3dadb8e12b2a7934c1d5317973e5dce1301f9a4d"
  integrity sha512-sfWGGfavi0xr8Pg0sVsyHMAOziVYKgPLNrS7ig+ivMNb3wbCBw3KxtflsGBAwD3gYQlE/AEZsTLgToRrSCjb0Q==

regex-recursion@^6.0.2:
  version "6.0.2"
  resolved "https://registry.yarnpkg.com/regex-recursion/-/regex-recursion-6.0.2.tgz#a0b1977a74c87f073377b938dbedfab2ea582b33"
  integrity sha512-0YCaSCq2VRIebiaUviZNs0cBz1kg5kVS2UKUfNIx8YVs1cN3AV7NTctO5FOKBA+UT2BPJIWZauYHPqJODG50cg==
  dependencies:
    regex-utilities "^2.3.0"

regex-utilities@^2.3.0:
  version "2.3.0"
  resolved "https://registry.yarnpkg.com/regex-utilities/-/regex-utilities-2.3.0.tgz#87163512a15dce2908cf079c8960d5158ff43280"
  integrity sha512-8VhliFJAWRaUiVvREIiW2NXXTmHs4vMNnSzuJVhscgmGav3g9VDxLrQndI3dZZVVdp0ZO/5v0xmX516/7M9cng==

regex@^6.1.0:
  version "6.1.0"
  resolved "https://registry.yarnpkg.com/regex/-/regex-6.1.0.tgz#d7ce98f8ee32da7497c13f6601fca2bc4a6a7803"
  integrity sha512-6VwtthbV4o/7+OaAF9I5L5V3llLEsoPyq9P1JVXkedTP33c7MfCG0/5NOPcSJn0TzXcG9YUrR0gQSWioew3LDg==
  dependencies:
    regex-utilities "^2.3.0"

rolldown@1.0.1:
  version "1.0.1"
  resolved "https://registry.yarnpkg.com/rolldown/-/rolldown-1.0.1.tgz#2e2e839106dc47951e42dbba414f0f0ecf97ac68"
  integrity sha512-X0KQHljNnEkWNqqiz9zJrGunh1B0HgOxLXvnFpCOcadzcy5qohZ3tqMEUg00vncoRovXuK3ZqCT9KnnKzoInFQ==
  dependencies:
    "@oxc-project/types" "=0.130.0"
    "@rolldown/pluginutils" "^1.0.0"
  optionalDependencies:
    "@rolldown/binding-android-arm64" "1.0.1"
    "@rolldown/binding-darwin-arm64" "1.0.1"
    "@rolldown/binding-darwin-x64" "1.0.1"
    "@rolldown/binding-freebsd-x64" "1.0.1"
    "@rolldown/binding-linux-arm-gnueabihf" "1.0.1"
    "@rolldown/binding-linux-arm64-gnu" "1.0.1"
    "@rolldown/binding-linux-arm64-musl" "1.0.1"
    "@rolldown/binding-linux-ppc64-gnu" "1.0.1"
    "@rolldown/binding-linux-s390x-gnu" "1.0.1"
    "@rolldown/binding-linux-x64-gnu" "1.0.1"
    "@rolldown/binding-linux-x64-musl" "1.0.1"
    "@rolldown/binding-openharmony-arm64" "1.0.1"
    "@rolldown/binding-wasm32-wasi" "1.0.1"
    "@rolldown/binding-win32-arm64-msvc" "1.0.1"
    "@rolldown/binding-win32-x64-msvc" "1.0.1"

scheduler@^0.27.0:
  version "0.27.0"
  resolved "https://registry.yarnpkg.com/scheduler/-/scheduler-0.27.0.tgz#0c4ef82d67d1e5c1e359e8fc76d3a87f045fe5bd"
  integrity sha512-eNv+WrVbKu1f3vbYJT/xtiF5syA5HPIMtf9IgY/nKg0sWqzAUEvqY/xm7OcZc/qafLx/iO9FgOmeSAp4v5ti/Q==

shiki@^3.14.0:
  version "3.23.0"
  resolved "https://registry.yarnpkg.com/shiki/-/shiki-3.23.0.tgz#fca5332195e3afd6c94b384103ae9671a29c7fb9"
  integrity sha512-55Dj73uq9ZXL5zyeRPzHQsK7Nbyt6Y10k5s7OjuFZGMhpp4r/rsLBH0o/0fstIzX1Lep9VxefWljK/SKCzygIA==
  dependencies:
    "@shikijs/core" "3.23.0"
    "@shikijs/engine-javascript" "3.23.0"
    "@shikijs/engine-oniguruma" "3.23.0"
    "@shikijs/langs" "3.23.0"
    "@shikijs/themes" "3.23.0"
    "@shikijs/types" "3.23.0"
    "@shikijs/vscode-textmate" "^10.0.2"
    "@types/hast" "^3.0.4"

source-map-js@^1.2.1:
  version "1.2.1"
  resolved "https://registry.yarnpkg.com/source-map-js/-/source-map-js-1.2.1.tgz#1ce5650fddd87abc099eda37dcff024c2667ae46"
  integrity sha512-UXWMKhLOwVKb728IUtQPXxfYU+usdybtUrK/8uGE8CQMvrhOpwvzDBwj0QhSL7MQc7vIsISBG8VQ8+IDQxpfQA==

space-separated-tokens@^2.0.0:
  version "2.0.2"
  resolved "https://registry.yarnpkg.com/space-separated-tokens/-/space-separated-tokens-2.0.2.tgz#1ecd9d2350a3844572c3f4a312bceb018348859f"
  integrity sha512-PEGlAwrG8yXGXRjW32fGbg66JAlOAwbObuqVoJpv/mRgoWDQfgH1wDPvtzWyUSNAXBGSk8h755YDbbcEy3SH2Q==

stringify-entities@^4.0.0:
  version "4.0.4"
  resolved "https://registry.yarnpkg.com/stringify-entities/-/stringify-entities-4.0.4.tgz#b3b79ef5f277cc4ac73caeb0236c5ba939b3a4f3"
  integrity sha512-IwfBptatlO+QCJUo19AqvrPNqlVMpW9YEL2LIVY+Rpv2qsjCGxaDLNRgeGsQWJhfItebuJhsGSLjaBbNSQ+ieg==
  dependencies:
    character-entities-html4 "^2.0.0"
    character-entities-legacy "^3.0.0"

tinyglobby@^0.2.16:
  version "0.2.16"
  resolved "https://registry.yarnpkg.com/tinyglobby/-/tinyglobby-0.2.16.tgz#1c3b7eb953fce42b226bc5a1ee06428281aff3d6"
  integrity sha512-pn99VhoACYR8nFHhxqix+uvsbXineAasWm5ojXoN8xEwK5Kd3/TrhNn1wByuD52UxWRLy8pu+kRMniEi6Eq9Zg==
  dependencies:
    fdir "^6.5.0"
    picomatch "^4.0.4"

trim-lines@^3.0.0:
  version "3.0.1"
  resolved "https://registry.yarnpkg.com/trim-lines/-/trim-lines-3.0.1.tgz#d802e332a07df861c48802c04321017b1bd87338"
  integrity sha512-kRj8B+YHZCc9kQYdWfJB2/oUl9rA99qbowYYBtr4ui4mZyAQ2JpvVBd/6U2YloATfqBhBTSMhTpgBHtU0Mf3Rg==

tslib@^2.4.0:
  version "2.8.1"
  resolved "https://registry.yarnpkg.com/tslib/-/tslib-2.8.1.tgz#612efe4ed235d567e8aba5f2a5fab70280ade83f"
  integrity sha512-oJFu94HQb+KVduSUQL7wnpmqnfmLsOA/nAh6b6EH0wCEoK0/mPeXU6c3wKDV83MkOuHPRHtSXKKU99IBazS/2w==

typescript@^5.9.3:
  version "5.9.3"
  resolved "https://registry.yarnpkg.com/typescript/-/typescript-5.9.3.tgz#5b4f59e15310ab17a216f5d6cf53ee476ede670f"
  integrity sha512-jl1vZzPDinLr9eUt3J/t7V6FgNEw9QjvBPdysz9KfQDD41fQrC2Y4vKQdiaUpFT4bXlb1RHhLpp8wtm6M5TgSw==

"undici-types@>=7.24.0 <7.24.7":
  version "7.24.6"
  resolved "https://registry.yarnpkg.com/undici-types/-/undici-types-7.24.6.tgz#61275b485d7fd4e9d269c7cf04ec2873c9cc0f91"
  integrity sha512-WRNW+sJgj5OBN4/0JpHFqtqzhpbnV0GuB+OozA9gCL7a993SmU+1JBZCzLNxYsbMfIeDL+lTsphD5jN5N+n0zg==

unist-util-is@^6.0.0:
  version "6.0.1"
  resolved "https://registry.yarnpkg.com/unist-util-is/-/unist-util-is-6.0.1.tgz#d0a3f86f2dd0db7acd7d8c2478080b5c67f9c6a9"
  integrity sha512-LsiILbtBETkDz8I9p1dQ0uyRUWuaQzd/cuEeS1hoRSyW5E5XGmTzlwY1OrNzzakGowI9Dr/I8HVaw4hTtnxy8g==
  dependencies:
    "@types/unist" "^3.0.0"

unist-util-position@^5.0.0:
  version "5.0.0"
  resolved "https://registry.yarnpkg.com/unist-util-position/-/unist-util-position-5.0.0.tgz#678f20ab5ca1207a97d7ea8a388373c9cf896be4"
  integrity sha512-fucsC7HjXvkB5R3kTCO7kUjRdrS0BJt3M/FPxmHMBOm8JQi2BsHAHFsy27E0EolP8rp0NzXsJ+jNPyDWvOJZPA==
  dependencies:
    "@types/unist" "^3.0.0"

unist-util-stringify-position@^4.0.0:
  version "4.0.0"
  resolved "https://registry.yarnpkg.com/unist-util-stringify-position/-/unist-util-stringify-position-4.0.0.tgz#449c6e21a880e0855bf5aabadeb3a740314abac2"
  integrity sha512-0ASV06AAoKCDkS2+xw5RXJywruurpbC4JZSm7nr7MOt1ojAzvyyaO+UxZf18j8FCF6kmzCZKcAgN/yu2gm2XgQ==
  dependencies:
    "@types/unist" "^3.0.0"

unist-util-visit-parents@^6.0.0:
  version "6.0.2"
  resolved "https://registry.yarnpkg.com/unist-util-visit-parents/-/unist-util-visit-parents-6.0.2.tgz#777df7fb98652ce16b4b7cd999d0a1a40efa3a02"
  integrity sha512-goh1s1TBrqSqukSc8wrjwWhL0hiJxgA8m4kFxGlQ+8FYQ3C/m11FcTs4YYem7V664AhHVvgoQLk890Ssdsr2IQ==
  dependencies:
    "@types/unist" "^3.0.0"
    unist-util-is "^6.0.0"

unist-util-visit@^5.0.0:
  version "5.1.0"
  resolved "https://registry.yarnpkg.com/unist-util-visit/-/unist-util-visit-5.1.0.tgz#9a2a28b0aa76a15e0da70a08a5863a2f060e2468"
  integrity sha512-m+vIdyeCOpdr/QeQCu2EzxX/ohgS8KbnPDgFni4dQsfSCtpz8UqDyY5GjRru8PDKuYn7Fq19j1CQ+nJSsGKOzg==
  dependencies:
    "@types/unist" "^3.0.0"
    unist-util-is "^6.0.0"
    unist-util-visit-parents "^6.0.0"

vfile-message@^4.0.0:
  version "4.0.3"
  resolved "https://registry.yarnpkg.com/vfile-message/-/vfile-message-4.0.3.tgz#87b44dddd7b70f0641c2e3ed0864ba73e2ea8df4"
  integrity sha512-QTHzsGd1EhbZs4AsQ20JX1rC3cOlt/IWJruk893DfLRr57lcnOeMaWG4K0JrRta4mIJZKth2Au3mM3u03/JWKw==
  dependencies:
    "@types/unist" "^3.0.0"
    unist-util-stringify-position "^4.0.0"

vfile@^6.0.0:
  version "6.0.3"
  resolved "https://registry.yarnpkg.com/vfile/-/vfile-6.0.3.tgz#3652ab1c496531852bf55a6bac57af981ebc38ab"
  integrity sha512-KzIbH/9tXat2u30jf+smMwFCsno4wHVdNmzFyL+T/L3UGqqk6JKfVqOFOZEpZSHADH1k40ab6NUIXZq422ov3Q==
  dependencies:
    "@types/unist" "^3.0.0"
    vfile-message "^4.0.0"

vite@^8.0.0:
  version "8.0.13"
  resolved "https://registry.yarnpkg.com/vite/-/vite-8.0.13.tgz#d75fb40aeee761051b0eb4620993da625c7719ab"
  integrity sha512-MFtjBYgzmSxmgA4RAfjIyXWpGe1oALnjgUTzzV7QLx/TKxCzjtMH6Fd9/eVK+5Fg1qNoz5VAwsmMs/NofrmJvw==
  dependencies:
    lightningcss "^1.32.0"
    picomatch "^4.0.4"
    postcss "^8.5.14"
    rolldown "1.0.1"
    tinyglobby "^0.2.16"
  optionalDependencies:
    fsevents "~2.3.3"

zwitch@^2.0.4:
  version "2.0.4"
  resolved "https://registry.yarnpkg.com/zwitch/-/zwitch-2.0.4.tgz#c827d4b0acb76fc3e685a4c6ec2902d51070e9d7"
  integrity sha512-bXE4cR/kVZhKZX/RjPEflHaKVhUVl85noU3v6b8apfQEc1x4A+zBxjZ4lN8LqGd6WZ3dl98pY4o717VFmoPp+A==
